Microsoft Visual Studio Solution File, Format Version 12.00
# Visual Studio Version 17
VisualStudioVersion = 17.13.35828.75
MinimumVisualStudioVersion = 10.0.40219.1
Project("{FAE04EC0-301F-11D3-BF4B-00C04F79EFBC}") = "BusinessLogic", "Program\BusinessLogic\BusinessLogic.csproj", "{36B952C2-07FD-4C57-48AD-1EC427016ACC}"
EndProject
Project("{FAE04EC0-301F-11D3-BF4B-00C04F79EFBC}") = "BusinessLogicTest", "Program\BusinessLogicTest\BusinessLogicTest.csproj", "{13B2CA2B-8122-404B-1B98-78BC088B2FDC}"
EndProject
Project("{FAE04EC0-301F-11D3-BF4B-00C04F79EFBC}") = "Data", "Program\Data\Data.csproj", "{59B6456B-3404-6137-DA2F-B76F2511A7AA}"
EndProject
Project("{FAE04EC0-301F-11D3-BF4B-00C04F79EFBC}") = "DataTest", "Program\DataTest\DataTest.csproj", "{78E71D33-8FB0-633F-7571-B682944464C4}"
EndProject
Project("{FAE04EC0-301F-11D3-BF4B-00C04F79EFBC}") = "PresentationView", "Program\PresentationView\PresentationView.csproj", "{12669F98-07C9-3ABB-E415-0708D9F38FBE}"
EndProject
Project("{FAE04EC0-301F-11D3-BF4B-00C04F79EFBC}") = "PresentationModel", "Program\PresentationModel\PresentationModel.csproj", "{7E7985B8-7FF6-57A1-EE27-A36D5D3C870C}"
EndProject
Project("{FAE04EC0-301F-11D3-BF4B-00C04F79EFBC}") = "PresentationModelTest", "Program\PresentationModelTest\PresentationModelTest.csproj", "{B6836DAF-8AB1-CBDE-E985-C24419058E09}"
EndProject
Project("{FAE04EC0-301F-11D3-BF4B-00C04F79EFBC}") = "PresentationViewModel", "Program\PresentationViewModel\PresentationViewModel.csproj", "{5A3DB148-FBFB-01E4-8FBD-C2BBCA5F664A}"
EndProject
Project("{FAE04EC0-301F-11D3-BF4B-00C04F79EFBC}") = "PresentationViewModelTest", "Program\PresentationViewModelTest\PresentationViewModelTest.csproj", "{1ED487DA-91C7-DE80-DC56-63043AD5734A}"
EndProject
Project("{2150E333-8FDC-42A3-9474-1A3956D46DE8}") = "README", "README", "{8FB176BD-0036-D269-15EA-F86E90622887}"
	ProjectSection(SolutionItems) = preProject
		README.md = README.md
	EndProjectSection
EndProject
Global
	GlobalSection(SolutionConfigurationPlatforms) = preSolution
		Debug|Any CPU = Debug|Any CPU
		Release|Any CPU = Release|Any CPU
	EndGlobalSection
	GlobalSection(ProjectConfigurationPlatforms) = postSolution
		{36B952C2-07FD-4C57-48AD-1EC427016ACC}.Debug|Any CPU.ActiveCfg = Debug|Any CPU
		{36B952C2-07FD-4C57-48AD-1EC427016ACC}.Debug|Any CPU.Build.0 = Debug|Any CPU
		{36B952C2-07FD-4C57-48AD-1EC427016ACC}.Release|Any CPU.ActiveCfg = Release|Any CPU
		{36B952C2-07FD-4C57-48AD-1EC427016ACC}.Release|Any CPU.Build.0 = Release|Any CPU
		{13B2CA2B-8122-404B-1B98-78BC088B2FDC}.Debug|Any CPU.ActiveCfg = Debug|Any CPU
		{13B2CA2B-8122-404B-1B98-78BC088B2FDC}.Debug|Any CPU.Build.0 = Debug|Any CPU
		{13B2CA2B-8122-404B-1B98-78BC088B2FDC}.Release|Any CPU.ActiveCfg = Release|Any CPU
		{13B2CA2B-8122-404B-1B98-78BC088B2FDC}.Release|Any CPU.Build.0 = Release|Any CPU
		{59B6456B-3404-6137-DA2F-B76F2511A7AA}.Debug|Any CPU.ActiveCfg = Debug|Any CPU
		{59B6456B-3404-6137-DA2F-B76F2511A7AA}.Debug|Any CPU.Build.0 = Debug|Any CPU
		{59B6456B-3404-6137-DA2F-B76F2511A7AA}.Release|Any CPU.ActiveCfg = Release|Any CPU
		{59B6456B-3404-6137-DA2F-B76F2511A7AA}.Release|Any CPU.Build.0 = Release|Any CPU
		{78E71D33-8FB0-633F-7571-B682944464C4}.Debug|Any CPU.ActiveCfg = Debug|Any CPU
		{78E71D33-8FB0-633F-7571-B682944464C4}.Debug|Any CPU.Build.0 = Debug|Any CPU
		{78E71D33-8FB0-633F-7571-B682944464C4}.Release|Any CPU.ActiveCfg = Release|Any CPU
		{78E71D33-8FB0-633F-7571-B682944464C4}.Release|Any CPU.Build.0 = Release|Any CPU
		{12669F98-07C9-3ABB-E415-0708D9F38FBE}.Debug|Any CPU.ActiveCfg = Debug|Any CPU
		{12669F98-07C9-3ABB-E415-0708D9F38FBE}.Debug|Any CPU.Build.0 = Debug|Any CPU
		{12669F98-07C9-3ABB-E415-0708D9F38FBE}.Release|Any CPU.ActiveCfg = Release|Any CPU
		{12669F98-07C9-3ABB-E415-0708D9F38FBE}.Release|Any CPU.Build.0 = Release|Any CPU
		{7E7985B8-7FF6-57A1-EE27-A36D5D3C870C}.Debug|Any CPU.ActiveCfg = Debug|Any CPU
		{7E7985B8-7FF6-57A1-EE27-A36D5D3C870C}.Debug|Any CPU.Build.0 = Debug|Any CPU
		{7E7985B8-7FF6-57A1-EE27-A36D5D3C870C}.Release|Any CPU.ActiveCfg = Release|Any CPU
		{7E7985B8-7FF6-57A1-EE27-A36D5D3C870C}.Release|Any CPU.Build.0 = Release|Any CPU
		{B6836DAF-8AB1-CBDE-E985-C24419058E09}.Debug|Any CPU.ActiveCfg = Debug|Any CPU
		{B6836DAF-8AB1-CBDE-E985-C24419058E09}.Debug|Any CPU.Build.0 = Debug|Any CPU
		{B6836DAF-8AB1-CBDE-E985-C24419058E09}.Release|Any CPU.ActiveCfg = Release|Any CPU
		{B6836DAF-8AB1-CBDE-E985-C24419058E09}.Release|Any CPU.Build.0 = Release|Any CPU
		{5A3DB148-FBFB-01E4-8FBD-C2BBCA5F664A}.Debug|Any CPU.ActiveCfg = Debug|Any CPU
		{5A3DB148-FBFB-01E4-8FBD-C2BBCA5F664A}.Debug|Any CPU.Build.0 = Debug|Any CPU
		{5A3DB148-FBFB-01E4-8FBD-C2BBCA5F664A}.Release|Any CPU.ActiveCfg = Release|Any CPU
		{5A3DB148-FBFB-01E4-8FBD-C2BBCA5F664A}.Release|Any CPU.Build.0 = Release|Any CPU
		{1ED487DA-91C7-DE80-DC56-63043AD5734A}.Debug|Any CPU.ActiveCfg = Debug|Any CPU
		{1ED487DA-91C7-DE80-DC56-63043AD5734A}.Debug|Any CPU.Build.0 = Debug|Any CPU
		{1ED487DA-91C7-DE80-DC56-63043AD5734A}.Release|Any CPU.ActiveCfg = Release|Any CPU
		{1ED487DA-91C7-DE80-DC56-63043AD5734A}.Release|Any CPU.Build.0 = Release|Any CPU
	EndGlobalSection
	GlobalSection(SolutionProperties) = preSolution
		HideSolutionNode = FALSE
	EndGlobalSection
	GlobalSection(ExtensibilityGlobals) = postSolution
		SolutionGuid = {68F70E35-D3D1-4662-BB35-0F22C3C40AE4}
	EndGlobalSection
EndGlobal
